
Microsoft Visual Studio Solution File, Format Version 12.00
# Visual Studio Version 16
VisualStudioVersion = 16.0.30104.148
MinimumVisualStudioVersion = 10.0.40219.1
Project("{FAE04EC0-301F-11D3-BF4B-00C04F79EFBC}") = "Core", "Core\Core.csproj", "{A98C3FBC-99CD-4479-8211-185DB576C955}"
EndProject
Project("{FAE04EC0-301F-11D3-BF4B-00C04F79EFBC}") = "WinApp", "WinApp\WinApp.csproj", "{9EF603A6-A19E-4814-9AED-13E4506D5D50}"
EndProject
Global
	GlobalSection(SolutionConfigurationPlatforms) = preSolution
		Debug|Any CPU = Debug|Any CPU
		Release|Any CPU = Release|Any CPU
	EndGlobalSection
	GlobalSection(ProjectConfigurationPlatforms) = postSolution
		{A98C3FBC-99CD-4479-8211-185DB576C955}.Debug|Any CPU.ActiveCfg = Debug|Any CPU
		{A98C3FBC-99CD-4479-8211-185DB576C955}.Debug|Any CPU.Build.0 = Debug|Any CPU
		{A98C3FBC-99CD-4479-8211-185DB576C955}.Release|Any CPU.ActiveCfg = Release|Any CPU
		{A98C3FBC-99CD-4479-8211-185DB576C955}.Release|Any CPU.Build.0 = Release|Any CPU
		{9EF603A6-A19E-4814-9AED-13E4506D5D50}.Debug|Any CPU.ActiveCfg = Debug|Any CPU
		{9EF603A6-A19E-4814-9AED-13E4506D5D50}.Debug|Any CPU.Build.0 = Debug|Any CPU
		{9EF603A6-A19E-4814-9AED-13E4506D5D50}.Release|Any CPU.ActiveCfg = Release|Any CPU
		{9EF603A6-A19E-4814-9AED-13E4506D5D50}.Release|Any CPU.Build.0 = Release|Any CPU
	EndGlobalSection
	GlobalSection(SolutionProperties) = preSolution
		HideSolutionNode = FALSE
	EndGlobalSection
	GlobalSection(ExtensibilityGlobals) = postSolution
		SolutionGuid = {13C83BCF-EFC7-44CC-B889-05E41FA6ED02}
	EndGlobalSection
EndGlobal
